
Microsoft Visual Studio Solution File, Format Version 12.00
# Visual Studio Version 16
VisualStudioVersion = 16.0.30320.27
MinimumVisualStudioVersion = 10.0.40219.1
Project("{9A19103F-16F7-4668-BE54-9A1E7A4F7556}") = "ShortVideo.API", "ShortVideo.API\ShortVideo.API.csproj", "{416FE044-34EA-47B7-A9BC-FD333F27B776}"
EndProject
Project("{FAE04EC0-301F-11D3-BF4B-00C04F79EFBC}") = "BaseLibrary", "BaseLibrary\BaseLibrary.csproj", "{832587F5-9662-4F22-A2F5-D34F63414BB1}"
EndProject
Global
	GlobalSection(SolutionConfigurationPlatforms) = preSolution
		Debug|Any CPU = Debug|Any CPU
		Release|Any CPU = Release|Any CPU
	EndGlobalSection
	GlobalSection(ProjectConfigurationPlatforms) = postSolution
		{416FE044-34EA-47B7-A9BC-FD333F27B776}.Debug|Any CPU.ActiveCfg = Debug|Any CPU
		{416FE044-34EA-47B7-A9BC-FD333F27B776}.Debug|Any CPU.Build.0 = Debug|Any CPU
		{416FE044-34EA-47B7-A9BC-FD333F27B776}.Release|Any CPU.ActiveCfg = Release|Any CPU
		{416FE044-34EA-47B7-A9BC-FD333F27B776}.Release|Any CPU.Build.0 = Release|Any CPU
		{832587F5-9662-4F22-A2F5-D34F63414BB1}.Debug|Any CPU.ActiveCfg = Debug|Any CPU
		{832587F5-9662-4F22-A2F5-D34F63414BB1}.Debug|Any CPU.Build.0 = Debug|Any CPU
		{832587F5-9662-4F22-A2F5-D34F63414BB1}.Release|Any CPU.ActiveCfg = Release|Any CPU
		{832587F5-9662-4F22-A2F5-D34F63414BB1}.Release|Any CPU.Build.0 = Release|Any CPU
	EndGlobalSection
	GlobalSection(SolutionProperties) = preSolution
		HideSolutionNode = FALSE
	EndGlobalSection
	GlobalSection(ExtensibilityGlobals) = postSolution
		SolutionGuid = {AFBC5B20-78C0-44C0-ADFE-518865222A7C}
	EndGlobalSection
EndGlobal
